// !$*UTF8*$!
{
	archiveVersion = 1;
	classes = {
	};
	objectVersion = 50;
	objects = {

/* Begin PBXBuildFile section */
		572CB143235DAB2B0018E820 /* AppDelegate.swift in Sources */ = {isa = PBXBuildFile; fileRef = 572CB142235DAB2B0018E820 /* AppDelegate.swift */; };
		572CB145235DAB2B0018E820 /* SceneDelegate.swift in Sources */ = {isa = PBXBuildFile; fileRef = 572CB144235DAB2B0018E820 /* SceneDelegate.swift */; };
		572CB147235DAB2B0018E820 /* ViewController.swift in Sources */ = {isa = PBXBuildFile; fileRef = 572CB146235DAB2B0018E820 /* ViewController.swift */; };
		572CB14A235DAB2B0018E820 /* Main.storyboard in Resources */ = {isa = PBXBuildFile; fileRef = 572CB148235DAB2B0018E820 /* Main.storyboard */; };
		572CB14C235DAB2D0018E820 /* Assets.xcassets in Resources */ = {isa = PBXBuildFile; fileRef = 572CB14B235DAB2D0018E820 /* Assets.xcassets */; };
		572CB14F235DAB2D0018E820 /* LaunchScreen.storyboard in Resources */ = {isa = PBXBuildFile; fileRef = 572CB14D235DAB2D0018E820 /* LaunchScreen.storyboard */; };
		572CB15A235DAB2D0018E820 /* itunes_pocTests.swift in Sources */ = {isa = PBXBuildFile; fileRef = 572CB159235DAB2D0018E820 /* itunes_pocTests.swift */; };
		572CB165235DAB2D0018E820 /* itunes_pocUITests.swift in Sources */ = {isa = PBXBuildFile; fileRef = 572CB164235DAB2D0018E820 /* itunes_pocUITests.swift */; };
/* End PBXBuildFile section */

/* Begin PBXContainerItemProxy section */
		572CB156235DAB2D0018E820 /* PBXContainerItemProxy */ = {
			isa = PBXContainerItemProxy;
			containerPortal = 572CB137235DAB2B0018E820 /* Project object */;
			proxyType = 1;
			remoteGlobalIDString = 572CB13E235DAB2B0018E820;
			remoteInfo = "itunes-poc";
		};
		572CB161235DAB2D0018E820 /* PBXContainerItemProxy */ = {
			isa = PBXContainerItemProxy;
			containerPortal = 572CB137235DAB2B0018E820 /* Project object */;
			proxyType = 1;
			remoteGlobalIDString = 572CB13E235DAB2B0018E820;
			remoteInfo = "itunes-poc";
		};
/* End PBXContainerItemProxy section */

/* Begin PBXFileReference section */
		572CB13F235DAB2B0018E820 /* itunes-poc.app */ = {isa = PBXFileReference; explicitFileType = wrapper.application; includeInIndex = 0; path = "itunes-poc.app"; sourceTree = BUILT_PRODUCTS_DIR; };
		572CB142235DAB2B0018E820 /* AppDelegate.swift */ = {isa = PBXFileReference; lastKnownFileType = sourcecode.swift; path = AppDelegate.swift; sourceTree = "<group>"; };
		572CB144235DAB2B0018E820 /* SceneDelegate.swift */ = {isa = PBXFileReference; lastKnownFileType = sourcecode.swift; path = SceneDelegate.swift; sourceTree = "<group>"; };
		572CB146235DAB2B0018E820 /* ViewController.swift */ = {isa = PBXFileReference; lastKnownFileType = sourcecode.swift; path = ViewController.swift; sourceTree = "<group>"; };
		572CB149235DAB2B0018E820 /* Base */ = {isa = PBXFileReference; lastKnownFileType = file.storyboard; name = Base; path = Base.lproj/Main.storyboard; sourceTree = "<group>"; };
		572CB14B235DAB2D0018E820 /* Assets.xcassets */ = {isa = PBXFileReference; lastKnownFileType = folder.assetcatalog; path = Assets.xcassets; sourceTree = "<group>"; };
		572CB14E235DAB2D0018E820 /* Base */ = {isa = PBXFileReference; lastKnownFileType = file.storyboard; name = Base; path = Base.lproj/LaunchScreen.storyboard; sourceTree = "<group>"; };
		572CB150235DAB2D0018E820 /* Info.plist */ = {isa = PBXFileReference; lastKnownFileType = text.plist.xml; path = Info.plist; sourceTree = "<group>"; };
		572CB155235DAB2D0018E820 /* itunes-pocTests.xctest */ = {isa = PBXFileReference; explicitFileType = wrapper.cfbundle; includeInIndex = 0; path = "itunes-pocTests.xctest"; sourceTree = BUILT_PRODUCTS_DIR; };
		572CB159235DAB2D0018E820 /* itunes_pocTests.swift */ = {isa = PBXFileReference; lastKnownFileType = sourcecode.swift; path = itunes_pocTests.swift; sourceTree = "<group>"; };
		572CB15B235DAB2D0018E820 /* Info.plist */ = {isa = PBXFileReference; lastKnownFileType = text.plist.xml; path = Info.plist; sourceTree = "<group>"; };
		572CB160235DAB2D0018E820 /* itunes-pocUITests.xctest */ = {isa = PBXFileReference; explicitFileType = wrapper.cfbundle; includeInIndex = 0; path = "itunes-pocUITests.xctest"; sourceTree = BUILT_PRODUCTS_DIR; };
		572CB164235DAB2D0018E820 /* itunes_pocUITests.swift */ = {isa = PBXFileReference; lastKnownFileType = sourcecode.swift; path = itunes_pocUITests.swift; sourceTree = "<group>"; };
		572CB166235DAB2D0018E820 /* Info.plist */ = {isa = PBXFileReference; lastKnownFileType = text.plist.xml; path = Info.plist; sourceTree = "<group>"; };
/* End PBXFileReference section */

/* Begin PBXFrameworksBuildPhase section */
		572CB13C235DAB2B0018E820 /* Frameworks */ = {
			isa = PBXFrameworksBuildPhase;
			buildActionMask = 2147483647;
			files = (
			);
			runOnlyForDeploymentPostprocessing = 0;
		};
		572CB152235DAB2D0018E820 /* Frameworks */ = {
			isa = PBXFrameworksBuildPhase;
			buildActionMask = 2147483647;
			files = (
			);
			runOnlyForDeploymentPostprocessing = 0;
		};
		572CB15D235DAB2D0018E820 /* Frameworks */ = {
			isa = PBXFrameworksBuildPhase;
			buildActionMask = 2147483647;
			files = (
			);
			runOnlyForDeploymentPostprocessing = 0;
		};
/* End PBXFrameworksBuildPhase section */

/* Begin PBXGroup section */
		572CB136235DAB2B0018E820 = {
			isa = PBXGroup;
			children = (
				572CB141235DAB2B0018E820 /* itunes-poc */,
				572CB158235DAB2D0018E820 /* itunes-pocTests */,
				572CB163235DAB2D0018E820 /* itunes-pocUITests */,
				572CB140235DAB2B0018E820 /* Products */,
			);
			sourceTree = "<group>";
		};
		572CB140235DAB2B0018E820 /* Products */ = {
			isa = PBXGroup;
			children = (
				572CB13F235DAB2B0018E820 /* itunes-poc.app */,
				572CB155235DAB2D0018E820 /* itunes-pocTests.xctest */,
				572CB160235DAB2D0018E820 /* itunes-pocUITests.xctest */,
			);
			name = Products;
			sourceTree = "<group>";
		};
		572CB141235DAB2B0018E820 /* itunes-poc */ = {
			isa = PBXGroup;
			children = (
				572CB142235DAB2B0018E820 /* AppDelegate.swift */,
				572CB144235DAB2B0018E820 /* SceneDelegate.swift */,
				572CB146235DAB2B0018E820 /* ViewController.swift */,
				572CB148235DAB2B0018E820 /* Main.storyboard */,
				572CB14B235DAB2D0018E820 /* Assets.xcassets */,
				572CB14D235DAB2D0018E820 /* LaunchScreen.storyboard */,
				572CB150235DAB2D0018E820 /* Info.plist */,
			);
			path = "itunes-poc";
			sourceTree = "<group>";
		};
		572CB158235DAB2D0018E820 /* itunes-pocTests */ = {
			isa = PBXGroup;
			children = (
				572CB159235DAB2D0018E820 /* itunes_pocTests.swift */,
				572CB15B235DAB2D0018E820 /* Info.plist */,
			);
			path = "itunes-pocTests";
			sourceTree = "<group>";
		};
		572CB163235DAB2D0018E820 /* itunes-pocUITests */ = {
			isa = PBXGroup;
			children = (
				572CB164235DAB2D0018E820 /* itunes_pocUITests.swift */,
				572CB166235DAB2D0018E820 /* Info.plist */,
			);
			path = "itunes-pocUITests";
			sourceTree = "<group>";
		};
/* End PBXGroup section */

/* Begin PBXNativeTarget section */
		572CB13E235DAB2B0018E820 /* itunes-poc */ = {
			isa = PBXNativeTarget;
			buildConfigurationList = 572CB169235DAB2D0018E820 /* Build configuration list for PBXNativeTarget "itunes-poc" */;
			buildPhases = (
				572CB13B235DAB2B0018E820 /* Sources */,
				572CB13C235DAB2B0018E820 /* Frameworks */,
				572CB13D235DAB2B0018E820 /* Resources */,
			);
			buildRules = (
			);
			dependencies = (
			);
			name = "itunes-poc";
			productName = "itunes-poc";
			productReference = 572CB13F235DAB2B0018E820 /* itunes-poc.app */;
			productType = "com.apple.product-type.application";
		};
		572CB154235DAB2D0018E820 /* itunes-pocTests */ = {
			isa = PBXNativeTarget;
			buildConfigurationList = 572CB16C235DAB2D0018E820 /* Build configuration list for PBXNativeTarget "itunes-pocTests" */;
			buildPhases = (
				572CB151235DAB2D0018E820 /* Sources */,
				572CB152235DAB2D0018E820 /* Frameworks */,
				572CB153235DAB2D0018E820 /* Resources */,
			);
			buildRules = (
			);
			dependencies = (
				572CB157235DAB2D0018E820 /* PBXTargetDependency */,
			);
			name = "itunes-pocTests";
			productName = "itunes-pocTests";
			productReference = 572CB155235DAB2D0018E820 /* itunes-pocTests.xctest */;
			productType = "com.apple.product-type.bundle.unit-test";
		};
		572CB15F235DAB2D0018E820 /* itunes-pocUITests */ = {
			isa = PBXNativeTarget;
			buildConfigurationList = 572CB16F235DAB2D0018E820 /* Build configuration list for PBXNativeTarget "itunes-pocUITests" */;
			buildPhases = (
				572CB15C235DAB2D0018E820 /* Sources */,
				572CB15D235DAB2D0018E820 /* Frameworks */,
				572CB15E235DAB2D0018E820 /* Resources */,
			);
			buildRules = (
			);
			dependencies = (
				572CB162235DAB2D0018E820 /* PBXTargetDependency */,
			);
			name = "itunes-pocUITests";
			productName = "itunes-pocUITests";
			productReference = 572CB160235DAB2D0018E820 /* itunes-pocUITests.xctest */;
			productType = "com.apple.product-type.bundle.ui-testing";
		};
/* End PBXNativeTarget section */

/* Begin PBXProject section */
		572CB137235DAB2B0018E820 /* Project object */ = {
			isa = PBXProject;
			attributes = {
				LastSwiftUpdateCheck = 1110;
				LastUpgradeCheck = 1110;
				ORGANIZATIONNAME = Globant;
				TargetAttributes = {
					572CB13E235DAB2B0018E820 = {
						CreatedOnToolsVersion = 11.1;
					};
					572CB154235DAB2D0018E820 = {
						CreatedOnToolsVersion = 11.1;
						TestTargetID = 572CB13E235DAB2B0018E820;
					};
					572CB15F235DAB2D0018E820 = {
						CreatedOnToolsVersion = 11.1;
						TestTargetID = 572CB13E235DAB2B0018E820;
					};
				};
			};
			buildConfigurationList = 572CB13A235DAB2B0018E820 /* Build configuration list for PBXProject "itunes-poc" */;
			compatibilityVersion = "Xcode 9.3";
			developmentRegion = en;
			hasScannedForEncodings = 0;
			knownRegions = (
				en,
				Base,
			);
			mainGroup = 572CB136235DAB2B0018E820;
			productRefGroup = 572CB140235DAB2B0018E820 /* Products */;
			projectDirPath = "";
			projectRoot = "";
			targets = (
				572CB13E235DAB2B0018E820 /* itunes-poc */,
				572CB154235DAB2D0018E820 /* itunes-pocTests */,
				572CB15F235DAB2D0018E820 /* itunes-pocUITests */,
			);
		};
/* End PBXProject section */

/* Begin PBXResourcesBuildPhase section */
		572CB13D235DAB2B0018E820 /* Resources */ = {
			isa = PBXResourcesBuildPhase;
			buildActionMask = 2147483647;
			files = (
				572CB14F235DAB2D0018E820 /* LaunchScreen.storyboard in Resources */,
				572CB14C235DAB2D0018E820 /* Assets.xcassets in Resources */,
				572CB14A235DAB2B0018E820 /* Main.storyboard in Resources */,
			);
			runOnlyForDeploymentPostprocessing = 0;
		};
		572CB153235DAB2D0018E820 /* Resources */ = {
			isa = PBXResourcesBuildPhase;
			buildActionMask = 2147483647;
			files = (
			);
			runOnlyForDeploymentPostprocessing = 0;
		};
		572CB15E235DAB2D0018E820 /* Resources */ = {
			isa = PBXResourcesBuildPhase;
			buildActionMask = 2147483647;
			files = (
			);
			runOnlyForDeploymentPostprocessing = 0;
		};
/* End PBXResourcesBuildPhase section */

/* Begin PBXSourcesBuildPhase section */
		572CB13B235DAB2B0018E820 /* Sources */ = {
			isa = PBXSourcesBuildPhase;
			buildActionMask = 2147483647;
			files = (
				572CB147235DAB2B0018E820 /* ViewController.swift in Sources */,
				572CB143235DAB2B0018E820 /* AppDelegate.swift in Sources */,
				572CB145235DAB2B0018E820 /* SceneDelegate.swift in Sources */,
			);
			runOnlyForDeploymentPostprocessing = 0;
		};
		572CB151235DAB2D0018E820 /* Sources */ = {
			isa = PBXSourcesBuildPhase;
			buildActionMask = 2147483647;
			files = (
				572CB15A235DAB2D0018E820 /* itunes_pocTests.swift in Sources */,
			);
			runOnlyForDeploymentPostprocessing = 0;
		};
		572CB15C235DAB2D0018E820 /* Sources */ = {
			isa = PBXSourcesBuildPhase;
			buildActionMask = 2147483647;
			files = (
				572CB165235DAB2D0018E820 /* itunes_pocUITests.swift in Sources */,
			);
			runOnlyForDeploymentPostprocessing = 0;
		};
/* End PBXSourcesBuildPhase section */

/* Begin PBXTargetDependency section */
		572CB157235DAB2D0018E820 /* PBXTargetDependency */ = {
			isa = PBXTargetDependency;
			target = 572CB13E235DAB2B0018E820 /* itunes-poc */;
			targetProxy = 572CB156235DAB2D0018E820 /* PBXContainerItemProxy */;
		};
		572CB162235DAB2D0018E820 /* PBXTargetDependency */ = {
			isa = PBXTargetDependency;
			target = 572CB13E235DAB2B0018E820 /* itunes-poc */;
			targetProxy = 572CB161235DAB2D0018E820 /* PBXContainerItemProxy */;
		};
/* End PBXTargetDependency section */

/* Begin PBXVariantGroup section */
		572CB148235DAB2B0018E820 /* Main.storyboard */ = {
			isa = PBXVariantGroup;
			children = (
				572CB149235DAB2B0018E820 /* Base */,
			);
			name = Main.storyboard;
			sourceTree = "<group>";
		};
		572CB14D235DAB2D0018E820 /* LaunchScreen.storyboard */ = {
			isa = PBXVariantGroup;
			children = (
				572CB14E235DAB2D0018E820 /* Base */,
			);
			name = LaunchScreen.storyboard;
			sourceTree = "<group>";
		};
/* End PBXVariantGroup section */

/* Begin XCBuildConfiguration section */
		572CB167235DAB2D0018E820 /* Debug */ = {
			isa = XCBuildConfiguration;
			buildSettings = {
				ALWAYS_SEARCH_USER_PATHS = NO;
				CLANG_ANALYZER_NONNULL = YES;
				CLANG_ANALYZER_NUMBER_OBJECT_CONVERSION = YES_AGGRESSIVE;
				CLANG_CXX_LANGUAGE_STANDARD = "gnu++14";
				CLANG_CXX_LIBRARY = "libc++";
				CLANG_ENABLE_MODULES = YES;
				CLANG_ENABLE_OBJC_ARC = YES;
				CLANG_ENABLE_OBJC_WEAK = YES;
				CLANG_WARN_BLOCK_CAPTURE_AUTORELEASING = YES;
				CLANG_WARN_BOOL_CONVERSION = YES;
				CLANG_WARN_COMMA = YES;
				CLANG_WARN_CONSTANT_CONVERSION = YES;
				CLANG_WARN_DEPRECATED_OBJC_IMPLEMENTATIONS = YES;
				CLANG_WARN_DIRECT_OBJC_ISA_USAGE = YES_ERROR;
				CLANG_WARN_DOCUMENTATION_COMMENTS = YES;
				CLANG_WARN_EMPTY_BODY = YES;
				CLANG_WARN_ENUM_CONVERSION = YES;
				CLANG_WARN_INFINITE_RECURSION = YES;
				CLANG_WARN_INT_CONVERSION = YES;
				CLANG_WARN_NON_LITERAL_NULL_CONVERSION = YES;
				CLANG_WARN_OBJC_IMPLICIT_RETAIN_SELF = YES;
				CLANG_WARN_OBJC_LITERAL_CONVERSION = YES;
				CLANG_WARN_OBJC_ROOT_CLASS = YES_ERROR;
				CLANG_WARN_RANGE_LOOP_ANALYSIS = YES;
				CLANG_WARN_STRICT_PROTOTYPES = YES;
				CLANG_WARN_SUSPICIOUS_MOVE = YES;
				CLANG_WARN_UNGUARDED_AVAILABILITY = YES_AGGRESSIVE;
				CLANG_WARN_UNREACHABLE_CODE = YES;
				CLANG_WARN__DUPLICATE_METHOD_MATCH = YES;
				COPY_PHASE_STRIP = NO;
				DEBUG_INFORMATION_FORMAT = dwarf;
				ENABLE_STRICT_OBJC_MSGSEND = YES;
				ENABLE_TESTABILITY = YES;
				GCC_C_LANGUAGE_STANDARD = gnu11;
				GCC_DYNAMIC_NO_PIC = NO;
				GCC_NO_COMMON_BLOCKS = YES;
				GCC_OPTIMIZATION_LEVEL = 0;
				GCC_PREPROCESSOR_DEFINITIONS = (
					"DEBUG=1",
					"$(inherited)",
				);
				GCC_WARN_64_TO_32_BIT_CONVERSION = YES;
				GCC_WARN_ABOUT_RETURN_TYPE = YES_ERROR;
				GCC_WARN_UNDECLARED_SELECTOR = YES;
				GCC_WARN_UNINITIALIZED_AUTOS = YES_AGGRESSIVE;
				GCC_WARN_UNUSED_FUNCTION = YES;
				GCC_WARN_UNUSED_VARIABLE = YES;
				IPHONEOS_DEPLOYMENT_TARGET = 13.1;
				MTL_ENABLE_DEBUG_INFO = INCLUDE_SOURCE;
				MTL_FAST_MATH = YES;
				ONLY_ACTIVE_ARCH = YES;
				SDKROOT = iphoneos;
				SWIFT_ACTIVE_COMPILATION_CONDITIONS = DEBUG;
				SWIFT_OPTIMIZATION_LEVEL = "-Onone";
			};
			name = Debug;
		};
		572CB168235DAB2D0018E820 /* Release */ = {
			isa = XCBuildConfiguration;
			buildSettings = {
				ALWAYS_SEARCH_USER_PATHS = NO;
				CLANG_ANALYZER_NONNULL = YES;
				CLANG_ANALYZER_NUMBER_OBJECT_CONVERSION = YES_AGGRESSIVE;
				CLANG_CXX_LANGUAGE_STANDARD = "gnu++14";
				CLANG_CXX_LIBRARY = "libc++";
				CLANG_ENABLE_MODULES = YES;
				CLANG_ENABLE_OBJC_ARC = YES;
				CLANG_ENABLE_OBJC_WEAK = YES;
				CLANG_WARN_BLOCK_CAPTURE_AUTORELEASING = YES;
				CLANG_WARN_BOOL_CONVERSION = YES;
				CLANG_WARN_COMMA = YES;
				CLANG_WARN_CONSTANT_CONVERSION = YES;
				CLANG_WARN_DEPRECATED_OBJC_IMPLEMENTATIONS = YES;
				CLANG_WARN_DIRECT_OBJC_ISA_USAGE = YES_ERROR;
				CLANG_WARN_DOCUMENTATION_COMMENTS = YES;
				CLANG_WARN_EMPTY_BODY = YES;
				CLANG_WARN_ENUM_CONVERSION = YES;
				CLANG_WARN_INFINITE_RECURSION = YES;
				CLANG_WARN_INT_CONVERSION = YES;
				CLANG_WARN_NON_LITERAL_NULL_CONVERSION = YES;
				CLANG_WARN_OBJC_IMPLICIT_RETAIN_SELF = YES;
				CLANG_WARN_OBJC_LITERAL_CONVERSION = YES;
				CLANG_WARN_OBJC_ROOT_CLASS = YES_ERROR;
				CLANG_WARN_RANGE_LOOP_ANALYSIS = YES;
				CLANG_WARN_STRICT_PROTOTYPES = YES;
				CLANG_WARN_SUSPICIOUS_MOVE = YES;
				CLANG_WARN_UNGUARDED_AVAILABILITY = YES_AGGRESSIVE;
				CLANG_WARN_UNREACHABLE_CODE = YES;
				CLANG_WARN__DUPLICATE_METHOD_MATCH = YES;
				COPY_PHASE_STRIP = NO;
				DEBUG_INFORMATION_FORMAT = "dwarf-with-dsym";
				ENABLE_NS_ASSERTIONS = NO;
				ENABLE_STRICT_OBJC_MSGSEND = YES;
				GCC_C_LANGUAGE_STANDARD = gnu11;
				GCC_NO_COMMON_BLOCKS = YES;
				GCC_WARN_64_TO_32_BIT_CONVERSION = YES;
				GCC_WARN_ABOUT_RETURN_TYPE = YES_ERROR;
				GCC_WARN_UNDECLARED_SELECTOR = YES;
				GCC_WARN_UNINITIALIZED_AUTOS = YES_AGGRESSIVE;
				GCC_WARN_UNUSED_FUNCTION = YES;
				GCC_WARN_UNUSED_VARIABLE = YES;
				IPHONEOS_DEPLOYMENT_TARGET = 13.1;
				MTL_ENABLE_DEBUG_INFO = NO;
				MTL_FAST_MATH = YES;
				SDKROOT = iphoneos;
				SWIFT_COMPILATION_MODE = wholemodule;
				SWIFT_OPTIMIZATION_LEVEL = "-O";
				VALIDATE_PRODUCT = YES;
			};
			name = Release;
		};
		572CB16A235DAB2D0018E820 /* Debug */ = {
			isa = XCBuildConfiguration;
			buildSettings = {
				ASSETCATALOG_COMPILER_APPICON_NAME = AppIcon;
				CODE_SIGN_STYLE = Automatic;
				INFOPLIST_FILE = "itunes-poc/Info.plist";
				LD_RUNPATH_SEARCH_PATHS = (
					"$(inherited)",
					"@executable_path/Frameworks",
				);
				PRODUCT_BUNDLE_IDENTIFIER = "com.globant.itunes-poc";
				PRODUCT_NAME = "$(TARGET_NAME)";
				SWIFT_VERSION = 5.0;
				TARGETED_DEVICE_FAMILY = "1,2";
			};
			name = Debug;
		};
		572CB16B235DAB2D0018E820 /* Release */ = {
			isa = XCBuildConfiguration;
			buildSettings = {
				ASSETCATALOG_COMPILER_APPICON_NAME = AppIcon;
				CODE_SIGN_STYLE = Automatic;
				INFOPLIST_FILE = "itunes-poc/Info.plist";
				LD_RUNPATH_SEARCH_PATHS = (
					"$(inherited)",
					"@executable_path/Frameworks",
				);
				PRODUCT_BUNDLE_IDENTIFIER = "com.globant.itunes-poc";
				PRODUCT_NAME = "$(TARGET_NAME)";
				SWIFT_VERSION = 5.0;
				TARGETED_DEVICE_FAMILY = "1,2";
			};
			name = Release;
		};
		572CB16D235DAB2D0018E820 /* Debug */ = {
			isa = XCBuildConfiguration;
			buildSettings = {
				ALWAYS_EMBED_SWIFT_STANDARD_LIBRARIES = YES;
				BUNDLE_LOADER = "$(TEST_HOST)";
				CODE_SIGN_STYLE = Automatic;
				INFOPLIST_FILE = "itunes-pocTests/Info.plist";
				IPHONEOS_DEPLOYMENT_TARGET = 13.1;
				LD_RUNPATH_SEARCH_PATHS = (
					"$(inherited)",
					"@executable_path/Frameworks",
					"@loader_path/Frameworks",
				);
				PRODUCT_BUNDLE_IDENTIFIER = "com.globant.itunes-pocTests";
				PRODUCT_NAME = "$(TARGET_NAME)";
				SWIFT_VERSION = 5.0;
				TARGETED_DEVICE_FAMILY = "1,2";
				TEST_HOST = "$(BUILT_PRODUCTS_DIR)/itunes-poc.app/itunes-poc";
			};
			name = Debug;
		};
		572CB16E235DAB2D0018E820 /* Release */ = {
			isa = XCBuildConfiguration;
			buildSettings = {
				ALWAYS_EMBED_SWIFT_STANDARD_LIBRARIES = YES;
				BUNDLE_LOADER = "$(TEST_HOST)";
				CODE_SIGN_STYLE = Automatic;
				INFOPLIST_FILE = "itunes-pocTests/Info.plist";
				IPHONEOS_DEPLOYMENT_TARGET = 13.1;
				LD_RUNPATH_SEARCH_PATHS = (
					"$(inherited)",
					"@executable_path/Frameworks",
					"@loader_path/Frameworks",
				);
				PRODUCT_BUNDLE_IDENTIFIER = "com.globant.itunes-pocTests";
				PRODUCT_NAME = "$(TARGET_NAME)";
				SWIFT_VERSION = 5.0;
				TARGETED_DEVICE_FAMILY = "1,2";
				TEST_HOST = "$(BUILT_PRODUCTS_DIR)/itunes-poc.app/itunes-poc";
			};
			name = Release;
		};
		572CB170235DAB2D0018E820 /* Debug */ = {
			isa = XCBuildConfiguration;
			buildSettings = {
				ALWAYS_EMBED_SWIFT_STANDARD_LIBRARIES = YES;
				CODE_SIGN_STYLE = Automatic;
				INFOPLIST_FILE = "itunes-pocUITests/Info.plist";
				LD_RUNPATH_SEARCH_PATHS = (
					"$(inherited)",
					"@executable_path/Frameworks",
					"@loader_path/Frameworks",
				);
				PRODUCT_BUNDLE_IDENTIFIER = "com.globant.itunes-pocUITests";
				PRODUCT_NAME = "$(TARGET_NAME)";
				SWIFT_VERSION = 5.0;
				TARGETED_DEVICE_FAMILY = "1,2";
				TEST_TARGET_NAME = "itunes-poc";
			};
			name = Debug;
		};
		572CB171235DAB2D0018E820 /* Release */ = {
			isa = XCBuildConfiguration;
			buildSettings = {
				ALWAYS_EMBED_SWIFT_STANDARD_LIBRARIES = YES;
				CODE_SIGN_STYLE = Automatic;
				INFOPLIST_FILE = "itunes-pocUITests/Info.plist";
				LD_RUNPATH_SEARCH_PATHS = (
					"$(inherited)",
					"@executable_path/Frameworks",
					"@loader_path/Frameworks",
				);
				PRODUCT_BUNDLE_IDENTIFIER = "com.globant.itunes-pocUITests";
				PRODUCT_NAME = "$(TARGET_NAME)";
				SWIFT_VERSION = 5.0;
				TARGETED_DEVICE_FAMILY = "1,2";
				TEST_TARGET_NAME = "itunes-poc";
			};
			name = Release;
		};
/* End XCBuildConfiguration section */

/* Begin XCConfigurationList section */
		572CB13A235DAB2B0018E820 /* Build configuration list for PBXProject "itunes-poc" */ = {
			isa = XCConfigurationList;
			buildConfigurations = (
				572CB167235DAB2D0018E820 /* Debug */,
				572CB168235DAB2D0018E820 /* Release */,
			);
			defaultConfigurationIsVisible = 0;
			defaultConfigurationName = Release;
		};
		572CB169235DAB2D0018E820 /* Build configuration list for PBXNativeTarget "itunes-poc" */ = {
			isa = XCConfigurationList;
			buildConfigurations = (
				572CB16A235DAB2D0018E820 /* Debug */,
				572CB16B235DAB2D0018E820 /* Release */,
			);
			defaultConfigurationIsVisible = 0;
			defaultConfigurationName = Release;
		};
		572CB16C235DAB2D0018E820 /* Build configuration list for PBXNativeTarget "itunes-pocTests" */ = {
			isa = XCConfigurationList;
			buildConfigurations = (
				572CB16D235DAB2D0018E820 /* Debug */,
				572CB16E235DAB2D0018E820 /* Release */,
			);
			defaultConfigurationIsVisible = 0;
			defaultConfigurationName = Release;
		};
		572CB16F235DAB2D0018E820 /* Build configuration list for PBXNativeTarget "itunes-pocUITests" */ = {
			isa = XCConfigurationList;
			buildConfigurations = (
				572CB170235DAB2D0018E820 /* Debug */,
				572CB171235DAB2D0018E820 /* Release */,
			);
			defaultConfigurationIsVisible = 0;
			defaultConfigurationName = Release;
		};
/* End XCConfigurationList section */
	};
	rootObject = 572CB137235DAB2B0018E820 /* Project object */;
}
