// !$*UTF8*$!
{
	archiveVersion = 1;
	classes = {
	};
	objectVersion = 50;
	objects = {

/* Begin PBXBuildFile section */
		0B91F598BD6C1134B8956CA4 /* Pods_itunes_pocTests.framework in Frameworks */ = {isa = PBXBuildFile; fileRef = 1559EA9D05BCE5B35CAAEA87 /* Pods_itunes_pocTests.framework */; };
		3105646A0744D51623099DA8 /* Pods_itunes_poc_itunes_pocUITests.framework in Frameworks */ = {isa = PBXBuildFile; fileRef = 0175E0B9157773FD517D84C0 /* Pods_itunes_poc_itunes_pocUITests.framework */; };
		572CB143235DAB2B0018E820 /* AppDelegate.swift in Sources */ = {isa = PBXBuildFile; fileRef = 572CB142235DAB2B0018E820 /* AppDelegate.swift */; };
		572CB145235DAB2B0018E820 /* SceneDelegate.swift in Sources */ = {isa = PBXBuildFile; fileRef = 572CB144235DAB2B0018E820 /* SceneDelegate.swift */; };
		572CB147235DAB2B0018E820 /* ViewController.swift in Sources */ = {isa = PBXBuildFile; fileRef = 572CB146235DAB2B0018E820 /* ViewController.swift */; };
		572CB14A235DAB2B0018E820 /* Main.storyboard in Resources */ = {isa = PBXBuildFile; fileRef = 572CB148235DAB2B0018E820 /* Main.storyboard */; };
		572CB14C235DAB2D0018E820 /* Assets.xcassets in Resources */ = {isa = PBXBuildFile; fileRef = 572CB14B235DAB2D0018E820 /* Assets.xcassets */; };
		572CB14F235DAB2D0018E820 /* LaunchScreen.storyboard in Resources */ = {isa = PBXBuildFile; fileRef = 572CB14D235DAB2D0018E820 /* LaunchScreen.storyboard */; };
		572CB15A235DAB2D0018E820 /* itunes_pocTests.swift in Sources */ = {isa = PBXBuildFile; fileRef = 572CB159235DAB2D0018E820 /* itunes_pocTests.swift */; };
		572CB165235DAB2D0018E820 /* itunes_pocUITests.swift in Sources */ = {isa = PBXBuildFile; fileRef = 572CB164235DAB2D0018E820 /* itunes_pocUITests.swift */; };
		6726DBCB65AC29F19BFC0017 /* Pods_itunes_poc.framework in Frameworks */ = {isa = PBXBuildFile; fileRef = 98938B2EC5B6145C011788A7 /* Pods_itunes_poc.framework */; };
/* End PBXBuildFile section */

/* Begin PBXContainerItemProxy section */
		572CB156235DAB2D0018E820 /* PBXContainerItemProxy */ = {
			isa = PBXContainerItemProxy;
			containerPortal = 572CB137235DAB2B0018E820 /* Project object */;
			proxyType = 1;
			remoteGlobalIDString = 572CB13E235DAB2B0018E820;
			remoteInfo = "itunes-poc";
		};
		572CB161235DAB2D0018E820 /* PBXContainerItemProxy */ = {
			isa = PBXContainerItemProxy;
			containerPortal = 572CB137235DAB2B0018E820 /* Project object */;
			proxyType = 1;
			remoteGlobalIDString = 572CB13E235DAB2B0018E820;
			remoteInfo = "itunes-poc";
		};
/* End PBXContainerItemProxy section */

/* Begin PBXFileReference section */
		0175E0B9157773FD517D84C0 /* Pods_itunes_poc_itunes_pocUITests.framework */ = {isa = PBXFileReference; explicitFileType = wrapper.framework; includeInIndex = 0; path = Pods_itunes_poc_itunes_pocUITests.framework; sourceTree = BUILT_PRODUCTS_DIR; };
		1559EA9D05BCE5B35CAAEA87 /* Pods_itunes_pocTests.framework */ = {isa = PBXFileReference; explicitFileType = wrapper.framework; includeInIndex = 0; path = Pods_itunes_pocTests.framework; sourceTree = BUILT_PRODUCTS_DIR; };
		1745FFD8DCA3E6CFE520D7AE /* Pods-itunes-poc-itunes-pocUITests.debug.xcconfig */ = {isa = PBXFileReference; includeInIndex = 1; lastKnownFileType = text.xcconfig; name = "Pods-itunes-poc-itunes-pocUITests.debug.xcconfig"; path = "Target Support Files/Pods-itunes-poc-itunes-pocUITests/Pods-itunes-poc-itunes-pocUITests.debug.xcconfig"; sourceTree = "<group>"; };
		18E9B2532BD4FBEA05E9985A /* Pods-itunes-pocTests.debug.xcconfig */ = {isa = PBXFileReference; includeInIndex = 1; lastKnownFileType = text.xcconfig; name = "Pods-itunes-pocTests.debug.xcconfig"; path = "Target Support Files/Pods-itunes-pocTests/Pods-itunes-pocTests.debug.xcconfig"; sourceTree = "<group>"; };
		572CB13F235DAB2B0018E820 /* itunes-poc.app */ = {isa = PBXFileReference; explicitFileType = wrapper.application; includeInIndex = 0; path = "itunes-poc.app"; sourceTree = BUILT_PRODUCTS_DIR; };
		572CB142235DAB2B0018E820 /* AppDelegate.swift */ = {isa = PBXFileReference; lastKnownFileType = sourcecode.swift; path = AppDelegate.swift; sourceTree = "<group>"; };
		572CB144235DAB2B0018E820 /* SceneDelegate.swift */ = {isa = PBXFileReference; lastKnownFileType = sourcecode.swift; path = SceneDelegate.swift; sourceTree = "<group>"; };
		572CB146235DAB2B0018E820 /* ViewController.swift */ = {isa = PBXFileReference; lastKnownFileType = sourcecode.swift; path = ViewController.swift; sourceTree = "<group>"; };
		572CB149235DAB2B0018E820 /* Base */ = {isa = PBXFileReference; lastKnownFileType = file.storyboard; name = Base; path = Base.lproj/Main.storyboard; sourceTree = "<group>"; };
		572CB14B235DAB2D0018E820 /* Assets.xcassets */ = {isa = PBXFileReference; lastKnownFileType = folder.assetcatalog; path = Assets.xcassets; sourceTree = "<group>"; };
		572CB14E235DAB2D0018E820 /* Base */ = {isa = PBXFileReference; lastKnownFileType = file.storyboard; name = Base; path = Base.lproj/LaunchScreen.storyboard; sourceTree = "<group>"; };
		572CB150235DAB2D0018E820 /* Info.plist */ = {isa = PBXFileReference; lastKnownFileType = text.plist.xml; path = Info.plist; sourceTree = "<group>"; };
		572CB155235DAB2D0018E820 /* itunes-pocTests.xctest */ = {isa = PBXFileReference; explicitFileType = wrapper.cfbundle; includeInIndex = 0; path = "itunes-pocTests.xctest"; sourceTree = BUILT_PRODUCTS_DIR; };
		572CB159235DAB2D0018E820 /* itunes_pocTests.swift */ = {isa = PBXFileReference; lastKnownFileType = sourcecode.swift; path = itunes_pocTests.swift; sourceTree = "<group>"; };
		572CB15B235DAB2D0018E820 /* Info.plist */ = {isa = PBXFileReference; lastKnownFileType = text.plist.xml; path = Info.plist; sourceTree = "<group>"; };
		572CB160235DAB2D0018E820 /* itunes-pocUITests.xctest */ = {isa = PBXFileReference; explicitFileType = wrapper.cfbundle; includeInIndex = 0; path = "itunes-pocUITests.xctest"; sourceTree = BUILT_PRODUCTS_DIR; };
		572CB164235DAB2D0018E820 /* itunes_pocUITests.swift */ = {isa = PBXFileReference; lastKnownFileType = sourcecode.swift; path = itunes_pocUITests.swift; sourceTree = "<group>"; };
		572CB166235DAB2D0018E820 /* Info.plist */ = {isa = PBXFileReference; lastKnownFileType = text.plist.xml; path = Info.plist; sourceTree = "<group>"; };
		83B3617477D75BBB76255E4C /* Pods-itunes-poc.debug.xcconfig */ = {isa = PBXFileReference; includeInIndex = 1; lastKnownFileType = text.xcconfig; name = "Pods-itunes-poc.debug.xcconfig"; path = "Target Support Files/Pods-itunes-poc/Pods-itunes-poc.debug.xcconfig"; sourceTree = "<group>"; };
		8B4964776D8B81A049A137A0 /* Pods-itunes-poc.release.xcconfig */ = {isa = PBXFileReference; includeInIndex = 1; lastKnownFileType = text.xcconfig; name = "Pods-itunes-poc.release.xcconfig"; path = "Target Support Files/Pods-itunes-poc/Pods-itunes-poc.release.xcconfig"; sourceTree = "<group>"; };
		98938B2EC5B6145C011788A7 /* Pods_itunes_poc.framework */ = {isa = PBXFileReference; explicitFileType = wrapper.framework; includeInIndex = 0; path = Pods_itunes_poc.framework; sourceTree = BUILT_PRODUCTS_DIR; };
		C475563B947D566380174B74 /* Pods-itunes-poc-itunes-pocUITests.release.xcconfig */ = {isa = PBXFileReference; includeInIndex = 1; lastKnownFileType = text.xcconfig; name = "Pods-itunes-poc-itunes-pocUITests.release.xcconfig"; path = "Target Support Files/Pods-itunes-poc-itunes-pocUITests/Pods-itunes-poc-itunes-pocUITests.release.xcconfig"; sourceTree = "<group>"; };
		ED19EC2936ECE4AB7FE283D0 /* Pods-itunes-pocTests.release.xcconfig */ = {isa = PBXFileReference; includeInIndex = 1; lastKnownFileType = text.xcconfig; name = "Pods-itunes-pocTests.release.xcconfig"; path = "Target Support Files/Pods-itunes-pocTests/Pods-itunes-pocTests.release.xcconfig"; sourceTree = "<group>"; };
/* End PBXFileReference section */

/* Begin PBXFrameworksBuildPhase section */
		572CB13C235DAB2B0018E820 /* Frameworks */ = {
			isa = PBXFrameworksBuildPhase;
			buildActionMask = 2147483647;
			files = (
				6726DBCB65AC29F19BFC0017 /* Pods_itunes_poc.framework in Frameworks */,
			);
			runOnlyForDeploymentPostprocessing = 0;
		};
		572CB152235DAB2D0018E820 /* Frameworks */ = {
			isa = PBXFrameworksBuildPhase;
			buildActionMask = 2147483647;
			files = (
				0B91F598BD6C1134B8956CA4 /* Pods_itunes_pocTests.framework in Frameworks */,
			);
			runOnlyForDeploymentPostprocessing = 0;
		};
		572CB15D235DAB2D0018E820 /* Frameworks */ = {
			isa = PBXFrameworksBuildPhase;
			buildActionMask = 2147483647;
			files = (
				3105646A0744D51623099DA8 /* Pods_itunes_poc_itunes_pocUITests.framework in Frameworks */,
			);
			runOnlyForDeploymentPostprocessing = 0;
		};
/* End PBXFrameworksBuildPhase section */

/* Begin PBXGroup section */
		572CB136235DAB2B0018E820 = {
			isa = PBXGroup;
			children = (
				572CB141235DAB2B0018E820 /* itunes-poc */,
				572CB158235DAB2D0018E820 /* itunes-pocTests */,
				572CB163235DAB2D0018E820 /* itunes-pocUITests */,
				572CB140235DAB2B0018E820 /* Products */,
				B70613715748194E5F64468B /* Pods */,
				CAFD276EE4ED051A1BE99A0E /* Frameworks */,
			);
			sourceTree = "<group>";
		};
		572CB140235DAB2B0018E820 /* Products */ = {
			isa = PBXGroup;
			children = (
				572CB13F235DAB2B0018E820 /* itunes-poc.app */,
				572CB155235DAB2D0018E820 /* itunes-pocTests.xctest */,
				572CB160235DAB2D0018E820 /* itunes-pocUITests.xctest */,
			);
			name = Products;
			sourceTree = "<group>";
		};
		572CB141235DAB2B0018E820 /* itunes-poc */ = {
			isa = PBXGroup;
			children = (
				572CB142235DAB2B0018E820 /* AppDelegate.swift */,
				572CB144235DAB2B0018E820 /* SceneDelegate.swift */,
				572CB146235DAB2B0018E820 /* ViewController.swift */,
				572CB148235DAB2B0018E820 /* Main.storyboard */,
				572CB14B235DAB2D0018E820 /* Assets.xcassets */,
				572CB14D235DAB2D0018E820 /* LaunchScreen.storyboard */,
				572CB150235DAB2D0018E820 /* Info.plist */,
			);
			path = "itunes-poc";
			sourceTree = "<group>";
		};
		572CB158235DAB2D0018E820 /* itunes-pocTests */ = {
			isa = PBXGroup;
			children = (
				572CB159235DAB2D0018E820 /* itunes_pocTests.swift */,
				572CB15B235DAB2D0018E820 /* Info.plist */,
			);
			path = "itunes-pocTests";
			sourceTree = "<group>";
		};
		572CB163235DAB2D0018E820 /* itunes-pocUITests */ = {
			isa = PBXGroup;
			children = (
				572CB164235DAB2D0018E820 /* itunes_pocUITests.swift */,
				572CB166235DAB2D0018E820 /* Info.plist */,
			);
			path = "itunes-pocUITests";
			sourceTree = "<group>";
		};
		B70613715748194E5F64468B /* Pods */ = {
			isa = PBXGroup;
			children = (
				83B3617477D75BBB76255E4C /* Pods-itunes-poc.debug.xcconfig */,
				8B4964776D8B81A049A137A0 /* Pods-itunes-poc.release.xcconfig */,
				1745FFD8DCA3E6CFE520D7AE /* Pods-itunes-poc-itunes-pocUITests.debug.xcconfig */,
				C475563B947D566380174B74 /* Pods-itunes-poc-itunes-pocUITests.release.xcconfig */,
				18E9B2532BD4FBEA05E9985A /* Pods-itunes-pocTests.debug.xcconfig */,
				ED19EC2936ECE4AB7FE283D0 /* Pods-itunes-pocTests.release.xcconfig */,
			);
			name = Pods;
			path = Pods;
			sourceTree = "<group>";
		};
		CAFD276EE4ED051A1BE99A0E /* Frameworks */ = {
			isa = PBXGroup;
			children = (
				98938B2EC5B6145C011788A7 /* Pods_itunes_poc.framework */,
				0175E0B9157773FD517D84C0 /* Pods_itunes_poc_itunes_pocUITests.framework */,
				1559EA9D05BCE5B35CAAEA87 /* Pods_itunes_pocTests.framework */,
			);
			name = Frameworks;
			sourceTree = "<group>";
		};
/* End PBXGroup section */

/* Begin PBXNativeTarget section */
		572CB13E235DAB2B0018E820 /* itunes-poc */ = {
			isa = PBXNativeTarget;
			buildConfigurationList = 572CB169235DAB2D0018E820 /* Build configuration list for PBXNativeTarget "itunes-poc" */;
			buildPhases = (
				EF3B756959D32D7D0F521E09 /* [CP] Check Pods Manifest.lock */,
				572CB13B235DAB2B0018E820 /* Sources */,
				572CB13C235DAB2B0018E820 /* Frameworks */,
				572CB13D235DAB2B0018E820 /* Resources */,
				CD2E646ECBC5365540B6E0B6 /* [CP] Embed Pods Frameworks */,
			);
			buildRules = (
			);
			dependencies = (
			);
			name = "itunes-poc";
			productName = "itunes-poc";
			productReference = 572CB13F235DAB2B0018E820 /* itunes-poc.app */;
			productType = "com.apple.product-type.application";
		};
		572CB154235DAB2D0018E820 /* itunes-pocTests */ = {
			isa = PBXNativeTarget;
			buildConfigurationList = 572CB16C235DAB2D0018E820 /* Build configuration list for PBXNativeTarget "itunes-pocTests" */;
			buildPhases = (
				26C7769694F30E3842071F17 /* [CP] Check Pods Manifest.lock */,
				572CB151235DAB2D0018E820 /* Sources */,
				572CB152235DAB2D0018E820 /* Frameworks */,
				572CB153235DAB2D0018E820 /* Resources */,
			);
			buildRules = (
			);
			dependencies = (
				572CB157235DAB2D0018E820 /* PBXTargetDependency */,
			);
			name = "itunes-pocTests";
			productName = "itunes-pocTests";
			productReference = 572CB155235DAB2D0018E820 /* itunes-pocTests.xctest */;
			productType = "com.apple.product-type.bundle.unit-test";
		};
		572CB15F235DAB2D0018E820 /* itunes-pocUITests */ = {
			isa = PBXNativeTarget;
			buildConfigurationList = 572CB16F235DAB2D0018E820 /* Build configuration list for PBXNativeTarget "itunes-pocUITests" */;
			buildPhases = (
				23B1B9E0DED2F0A5CADA4F2B /* [CP] Check Pods Manifest.lock */,
				572CB15C235DAB2D0018E820 /* Sources */,
				572CB15D235DAB2D0018E820 /* Frameworks */,
				572CB15E235DAB2D0018E820 /* Resources */,
				8579B8CDC8074C8D4C6D1CD1 /* [CP] Embed Pods Frameworks */,
			);
			buildRules = (
			);
			dependencies = (
				572CB162235DAB2D0018E820 /* PBXTargetDependency */,
			);
			name = "itunes-pocUITests";
			productName = "itunes-pocUITests";
			productReference = 572CB160235DAB2D0018E820 /* itunes-pocUITests.xctest */;
			productType = "com.apple.product-type.bundle.ui-testing";
		};
/* End PBXNativeTarget section */

/* Begin PBXProject section */
		572CB137235DAB2B0018E820 /* Project object */ = {
			isa = PBXProject;
			attributes = {
				LastSwiftUpdateCheck = 1110;
				LastUpgradeCheck = 1110;
				ORGANIZATIONNAME = Globant;
				TargetAttributes = {
					572CB13E235DAB2B0018E820 = {
						CreatedOnToolsVersion = 11.1;
					};
					572CB154235DAB2D0018E820 = {
						CreatedOnToolsVersion = 11.1;
						TestTargetID = 572CB13E235DAB2B0018E820;
					};
					572CB15F235DAB2D0018E820 = {
						CreatedOnToolsVersion = 11.1;
						TestTargetID = 572CB13E235DAB2B0018E820;
					};
				};
			};
			buildConfigurationList = 572CB13A235DAB2B0018E820 /* Build configuration list for PBXProject "itunes-poc" */;
			compatibilityVersion = "Xcode 9.3";
			developmentRegion = en;
			hasScannedForEncodings = 0;
			knownRegions = (
				en,
				Base,
			);
			mainGroup = 572CB136235DAB2B0018E820;
			productRefGroup = 572CB140235DAB2B0018E820 /* Products */;
			projectDirPath = "";
			projectRoot = "";
			targets = (
				572CB13E235DAB2B0018E820 /* itunes-poc */,
				572CB154235DAB2D0018E820 /* itunes-pocTests */,
				572CB15F235DAB2D0018E820 /* itunes-pocUITests */,
			);
		};
/* End PBXProject section */

/* Begin PBXResourcesBuildPhase section */
		572CB13D235DAB2B0018E820 /* Resources */ = {
			isa = PBXResourcesBuildPhase;
			buildActionMask = 2147483647;
			files = (
				572CB14F235DAB2D0018E820 /* LaunchScreen.storyboard in Resources */,
				572CB14C235DAB2D0018E820 /* Assets.xcassets in Resources */,
				572CB14A235DAB2B0018E820 /* Main.storyboard in Resources */,
			);
			runOnlyForDeploymentPostprocessing = 0;
		};
		572CB153235DAB2D0018E820 /* Resources */ = {
			isa = PBXResourcesBuildPhase;
			buildActionMask = 2147483647;
			files = (
			);
			runOnlyForDeploymentPostprocessing = 0;
		};
		572CB15E235DAB2D0018E820 /* Resources */ = {
			isa = PBXResourcesBuildPhase;
			buildActionMask = 2147483647;
			files = (
			);
			runOnlyForDeploymentPostprocessing = 0;
		};
/* End PBXResourcesBuildPhase section */

/* Begin PBXShellScriptBuildPhase section */
		23B1B9E0DED2F0A5CADA4F2B /* [CP] Check Pods Manifest.lock */ = {
			isa = PBXShellScriptBuildPhase;
			buildActionMask = 2147483647;
			files = (
			);
			inputFileListPaths = (
			);
			inputPaths = (
				"${PODS_PODFILE_DIR_PATH}/Podfile.lock",
				"${PODS_ROOT}/Manifest.lock",
			);
			name = "[CP] Check Pods Manifest.lock";
			outputFileListPaths = (
			);
			outputPaths = (
				"$(DERIVED_FILE_DIR)/Pods-itunes-poc-itunes-pocUITests-checkManifestLockResult.txt",
			);
			runOnlyForDeploymentPostprocessing = 0;
			shellPath = /bin/sh;
			shellScript = "diff \"${PODS_PODFILE_DIR_PATH}/Podfile.lock\" \"${PODS_ROOT}/Manifest.lock\" > /dev/null\nif [ $? != 0 ] ; then\n    # print error to STDERR\n    echo \"error: The sandbox is not in sync with the Podfile.lock. Run 'pod install' or update your CocoaPods installation.\" >&2\n    exit 1\nfi\n# This output is used by Xcode 'outputs' to avoid re-running this script phase.\necho \"SUCCESS\" > \"${SCRIPT_OUTPUT_FILE_0}\"\n";
			showEnvVarsInLog = 0;
		};
		26C7769694F30E3842071F17 /* [CP] Check Pods Manifest.lock */ = {
			isa = PBXShellScriptBuildPhase;
			buildActionMask = 2147483647;
			files = (
			);
			inputFileListPaths = (
			);
			inputPaths = (
				"${PODS_PODFILE_DIR_PATH}/Podfile.lock",
				"${PODS_ROOT}/Manifest.lock",
			);
			name = "[CP] Check Pods Manifest.lock";
			outputFileListPaths = (
			);
			outputPaths = (
				"$(DERIVED_FILE_DIR)/Pods-itunes-pocTests-checkManifestLockResult.txt",
			);
			runOnlyForDeploymentPostprocessing = 0;
			shellPath = /bin/sh;
			shellScript = "diff \"${PODS_PODFILE_DIR_PATH}/Podfile.lock\" \"${PODS_ROOT}/Manifest.lock\" > /dev/null\nif [ $? != 0 ] ; then\n    # print error to STDERR\n    echo \"error: The sandbox is not in sync with the Podfile.lock. Run 'pod install' or update your CocoaPods installation.\" >&2\n    exit 1\nfi\n# This output is used by Xcode 'outputs' to avoid re-running this script phase.\necho \"SUCCESS\" > \"${SCRIPT_OUTPUT_FILE_0}\"\n";
			showEnvVarsInLog = 0;
		};
		8579B8CDC8074C8D4C6D1CD1 /* [CP] Embed Pods Frameworks */ = {
			isa = PBXShellScriptBuildPhase;
			buildActionMask = 2147483647;
			files = (
			);
			inputFileListPaths = (
				"${PODS_ROOT}/Target Support Files/Pods-itunes-poc-itunes-pocUITests/Pods-itunes-poc-itunes-pocUITests-frameworks-${CONFIGURATION}-input-files.xcfilelist",
			);
			name = "[CP] Embed Pods Frameworks";
			outputFileListPaths = (
				"${PODS_ROOT}/Target Support Files/Pods-itunes-poc-itunes-pocUITests/Pods-itunes-poc-itunes-pocUITests-frameworks-${CONFIGURATION}-output-files.xcfilelist",
			);
			runOnlyForDeploymentPostprocessing = 0;
			shellPath = /bin/sh;
			shellScript = "\"${PODS_ROOT}/Target Support Files/Pods-itunes-poc-itunes-pocUITests/Pods-itunes-poc-itunes-pocUITests-frameworks.sh\"\n";
			showEnvVarsInLog = 0;
		};
		CD2E646ECBC5365540B6E0B6 /* [CP] Embed Pods Frameworks */ = {
			isa = PBXShellScriptBuildPhase;
			buildActionMask = 2147483647;
			files = (
			);
			inputFileListPaths = (
				"${PODS_ROOT}/Target Support Files/Pods-itunes-poc/Pods-itunes-poc-frameworks-${CONFIGURATION}-input-files.xcfilelist",
			);
			name = "[CP] Embed Pods Frameworks";
			outputFileListPaths = (
				"${PODS_ROOT}/Target Support Files/Pods-itunes-poc/Pods-itunes-poc-frameworks-${CONFIGURATION}-output-files.xcfilelist",
			);
			runOnlyForDeploymentPostprocessing = 0;
			shellPath = /bin/sh;
			shellScript = "\"${PODS_ROOT}/Target Support Files/Pods-itunes-poc/Pods-itunes-poc-frameworks.sh\"\n";
			showEnvVarsInLog = 0;
		};
		EF3B756959D32D7D0F521E09 /* [CP] Check Pods Manifest.lock */ = {
			isa = PBXShellScriptBuildPhase;
			buildActionMask = 2147483647;
			files = (
			);
			inputFileListPaths = (
			);
			inputPaths = (
				"${PODS_PODFILE_DIR_PATH}/Podfile.lock",
				"${PODS_ROOT}/Manifest.lock",
			);
			name = "[CP] Check Pods Manifest.lock";
			outputFileListPaths = (
			);
			outputPaths = (
				"$(DERIVED_FILE_DIR)/Pods-itunes-poc-checkManifestLockResult.txt",
			);
			runOnlyForDeploymentPostprocessing = 0;
			shellPath = /bin/sh;
			shellScript = "diff \"${PODS_PODFILE_DIR_PATH}/Podfile.lock\" \"${PODS_ROOT}/Manifest.lock\" > /dev/null\nif [ $? != 0 ] ; then\n    # print error to STDERR\n    echo \"error: The sandbox is not in sync with the Podfile.lock. Run 'pod install' or update your CocoaPods installation.\" >&2\n    exit 1\nfi\n# This output is used by Xcode 'outputs' to avoid re-running this script phase.\necho \"SUCCESS\" > \"${SCRIPT_OUTPUT_FILE_0}\"\n";
			showEnvVarsInLog = 0;
		};
/* End PBXShellScriptBuildPhase section */

/* Begin PBXSourcesBuildPhase section */
		572CB13B235DAB2B0018E820 /* Sources */ = {
			isa = PBXSourcesBuildPhase;
			buildActionMask = 2147483647;
			files = (
				572CB147235DAB2B0018E820 /* ViewController.swift in Sources */,
				572CB143235DAB2B0018E820 /* AppDelegate.swift in Sources */,
				572CB145235DAB2B0018E820 /* SceneDelegate.swift in Sources */,
			);
			runOnlyForDeploymentPostprocessing = 0;
		};
		572CB151235DAB2D0018E820 /* Sources */ = {
			isa = PBXSourcesBuildPhase;
			buildActionMask = 2147483647;
			files = (
				572CB15A235DAB2D0018E820 /* itunes_pocTests.swift in Sources */,
			);
			runOnlyForDeploymentPostprocessing = 0;
		};
		572CB15C235DAB2D0018E820 /* Sources */ = {
			isa = PBXSourcesBuildPhase;
			buildActionMask = 2147483647;
			files = (
				572CB165235DAB2D0018E820 /* itunes_pocUITests.swift in Sources */,
			);
			runOnlyForDeploymentPostprocessing = 0;
		};
/* End PBXSourcesBuildPhase section */

/* Begin PBXTargetDependency section */
		572CB157235DAB2D0018E820 /* PBXTargetDependency */ = {
			isa = PBXTargetDependency;
			target = 572CB13E235DAB2B0018E820 /* itunes-poc */;
			targetProxy = 572CB156235DAB2D0018E820 /* PBXContainerItemProxy */;
		};
		572CB162235DAB2D0018E820 /* PBXTargetDependency */ = {
			isa = PBXTargetDependency;
			target = 572CB13E235DAB2B0018E820 /* itunes-poc */;
			targetProxy = 572CB161235DAB2D0018E820 /* PBXContainerItemProxy */;
		};
/* End PBXTargetDependency section */

/* Begin PBXVariantGroup section */
		572CB148235DAB2B0018E820 /* Main.storyboard */ = {
			isa = PBXVariantGroup;
			children = (
				572CB149235DAB2B0018E820 /* Base */,
			);
			name = Main.storyboard;
			sourceTree = "<group>";
		};
		572CB14D235DAB2D0018E820 /* LaunchScreen.storyboard */ = {
			isa = PBXVariantGroup;
			children = (
				572CB14E235DAB2D0018E820 /* Base */,
			);
			name = LaunchScreen.storyboard;
			sourceTree = "<group>";
		};
/* End PBXVariantGroup section */

/* Begin XCBuildConfiguration section */
		572CB167235DAB2D0018E820 /* Debug */ = {
			isa = XCBuildConfiguration;
			buildSettings = {
				ALWAYS_SEARCH_USER_PATHS = NO;
				CLANG_ANALYZER_NONNULL = YES;
				CLANG_ANALYZER_NUMBER_OBJECT_CONVERSION = YES_AGGRESSIVE;
				CLANG_CXX_LANGUAGE_STANDARD = "gnu++14";
				CLANG_CXX_LIBRARY = "libc++";
				CLANG_ENABLE_MODULES = YES;
				CLANG_ENABLE_OBJC_ARC = YES;
				CLANG_ENABLE_OBJC_WEAK = YES;
				CLANG_WARN_BLOCK_CAPTURE_AUTORELEASING = YES;
				CLANG_WARN_BOOL_CONVERSION = YES;
				CLANG_WARN_COMMA = YES;
				CLANG_WARN_CONSTANT_CONVERSION = YES;
				CLANG_WARN_DEPRECATED_OBJC_IMPLEMENTATIONS = YES;
				CLANG_WARN_DIRECT_OBJC_ISA_USAGE = YES_ERROR;
				CLANG_WARN_DOCUMENTATION_COMMENTS = YES;
				CLANG_WARN_EMPTY_BODY = YES;
				CLANG_WARN_ENUM_CONVERSION = YES;
				CLANG_WARN_INFINITE_RECURSION = YES;
				CLANG_WARN_INT_CONVERSION = YES;
				CLANG_WARN_NON_LITERAL_NULL_CONVERSION = YES;
				CLANG_WARN_OBJC_IMPLICIT_RETAIN_SELF = YES;
				CLANG_WARN_OBJC_LITERAL_CONVERSION = YES;
				CLANG_WARN_OBJC_ROOT_CLASS = YES_ERROR;
				CLANG_WARN_RANGE_LOOP_ANALYSIS = YES;
				CLANG_WARN_STRICT_PROTOTYPES = YES;
				CLANG_WARN_SUSPICIOUS_MOVE = YES;
				CLANG_WARN_UNGUARDED_AVAILABILITY = YES_AGGRESSIVE;
				CLANG_WARN_UNREACHABLE_CODE = YES;
				CLANG_WARN__DUPLICATE_METHOD_MATCH = YES;
				COPY_PHASE_STRIP = NO;
				DEBUG_INFORMATION_FORMAT = dwarf;
				ENABLE_STRICT_OBJC_MSGSEND = YES;
				ENABLE_TESTABILITY = YES;
				GCC_C_LANGUAGE_STANDARD = gnu11;
				GCC_DYNAMIC_NO_PIC = NO;
				GCC_NO_COMMON_BLOCKS = YES;
				GCC_OPTIMIZATION_LEVEL = 0;
				GCC_PREPROCESSOR_DEFINITIONS = (
					"DEBUG=1",
					"$(inherited)",
				);
				GCC_WARN_64_TO_32_BIT_CONVERSION = YES;
				GCC_WARN_ABOUT_RETURN_TYPE = YES_ERROR;
				GCC_WARN_UNDECLARED_SELECTOR = YES;
				GCC_WARN_UNINITIALIZED_AUTOS = YES_AGGRESSIVE;
				GCC_WARN_UNUSED_FUNCTION = YES;
				GCC_WARN_UNUSED_VARIABLE = YES;
				IPHONEOS_DEPLOYMENT_TARGET = 13.1;
				MTL_ENABLE_DEBUG_INFO = INCLUDE_SOURCE;
				MTL_FAST_MATH = YES;
				ONLY_ACTIVE_ARCH = YES;
				SDKROOT = iphoneos;
				SWIFT_ACTIVE_COMPILATION_CONDITIONS = DEBUG;
				SWIFT_OPTIMIZATION_LEVEL = "-Onone";
			};
			name = Debug;
		};
		572CB168235DAB2D0018E820 /* Release */ = {
			isa = XCBuildConfiguration;
			buildSettings = {
				ALWAYS_SEARCH_USER_PATHS = NO;
				CLANG_ANALYZER_NONNULL = YES;
				CLANG_ANALYZER_NUMBER_OBJECT_CONVERSION = YES_AGGRESSIVE;
				CLANG_CXX_LANGUAGE_STANDARD = "gnu++14";
				CLANG_CXX_LIBRARY = "libc++";
				CLANG_ENABLE_MODULES = YES;
				CLANG_ENABLE_OBJC_ARC = YES;
				CLANG_ENABLE_OBJC_WEAK = YES;
				CLANG_WARN_BLOCK_CAPTURE_AUTORELEASING = YES;
				CLANG_WARN_BOOL_CONVERSION = YES;
				CLANG_WARN_COMMA = YES;
				CLANG_WARN_CONSTANT_CONVERSION = YES;
				CLANG_WARN_DEPRECATED_OBJC_IMPLEMENTATIONS = YES;
				CLANG_WARN_DIRECT_OBJC_ISA_USAGE = YES_ERROR;
				CLANG_WARN_DOCUMENTATION_COMMENTS = YES;
				CLANG_WARN_EMPTY_BODY = YES;
				CLANG_WARN_ENUM_CONVERSION = YES;
				CLANG_WARN_INFINITE_RECURSION = YES;
				CLANG_WARN_INT_CONVERSION = YES;
				CLANG_WARN_NON_LITERAL_NULL_CONVERSION = YES;
				CLANG_WARN_OBJC_IMPLICIT_RETAIN_SELF = YES;
				CLANG_WARN_OBJC_LITERAL_CONVERSION = YES;
				CLANG_WARN_OBJC_ROOT_CLASS = YES_ERROR;
				CLANG_WARN_RANGE_LOOP_ANALYSIS = YES;
				CLANG_WARN_STRICT_PROTOTYPES = YES;
				CLANG_WARN_SUSPICIOUS_MOVE = YES;
				CLANG_WARN_UNGUARDED_AVAILABILITY = YES_AGGRESSIVE;
				CLANG_WARN_UNREACHABLE_CODE = YES;
				CLANG_WARN__DUPLICATE_METHOD_MATCH = YES;
				COPY_PHASE_STRIP = NO;
				DEBUG_INFORMATION_FORMAT = "dwarf-with-dsym";
				ENABLE_NS_ASSERTIONS = NO;
				ENABLE_STRICT_OBJC_MSGSEND = YES;
				GCC_C_LANGUAGE_STANDARD = gnu11;
				GCC_NO_COMMON_BLOCKS = YES;
				GCC_WARN_64_TO_32_BIT_CONVERSION = YES;
				GCC_WARN_ABOUT_RETURN_TYPE = YES_ERROR;
				GCC_WARN_UNDECLARED_SELECTOR = YES;
				GCC_WARN_UNINITIALIZED_AUTOS = YES_AGGRESSIVE;
				GCC_WARN_UNUSED_FUNCTION = YES;
				GCC_WARN_UNUSED_VARIABLE = YES;
				IPHONEOS_DEPLOYMENT_TARGET = 13.1;
				MTL_ENABLE_DEBUG_INFO = NO;
				MTL_FAST_MATH = YES;
				SDKROOT = iphoneos;
				SWIFT_COMPILATION_MODE = wholemodule;
				SWIFT_OPTIMIZATION_LEVEL = "-O";
				VALIDATE_PRODUCT = YES;
			};
			name = Release;
		};
		572CB16A235DAB2D0018E820 /* Debug */ = {
			isa = XCBuildConfiguration;
			baseConfigurationReference = 83B3617477D75BBB76255E4C /* Pods-itunes-poc.debug.xcconfig */;
			buildSettings = {
				ASSETCATALOG_COMPILER_APPICON_NAME = AppIcon;
				CODE_SIGN_STYLE = Automatic;
				INFOPLIST_FILE = "itunes-poc/Info.plist";
				LD_RUNPATH_SEARCH_PATHS = (
					"$(inherited)",
					"@executable_path/Frameworks",
				);
				PRODUCT_BUNDLE_IDENTIFIER = "com.globant.itunes-poc";
				PRODUCT_NAME = "$(TARGET_NAME)";
				SWIFT_VERSION = 5.0;
				TARGETED_DEVICE_FAMILY = "1,2";
			};
			name = Debug;
		};
		572CB16B235DAB2D0018E820 /* Release */ = {
			isa = XCBuildConfiguration;
			baseConfigurationReference = 8B4964776D8B81A049A137A0 /* Pods-itunes-poc.release.xcconfig */;
			buildSettings = {
				ASSETCATALOG_COMPILER_APPICON_NAME = AppIcon;
				CODE_SIGN_STYLE = Automatic;
				INFOPLIST_FILE = "itunes-poc/Info.plist";
				LD_RUNPATH_SEARCH_PATHS = (
					"$(inherited)",
					"@executable_path/Frameworks",
				);
				PRODUCT_BUNDLE_IDENTIFIER = "com.globant.itunes-poc";
				PRODUCT_NAME = "$(TARGET_NAME)";
				SWIFT_VERSION = 5.0;
				TARGETED_DEVICE_FAMILY = "1,2";
			};
			name = Release;
		};
		572CB16D235DAB2D0018E820 /* Debug */ = {
			isa = XCBuildConfiguration;
			baseConfigurationReference = 18E9B2532BD4FBEA05E9985A /* Pods-itunes-pocTests.debug.xcconfig */;
			buildSettings = {
				ALWAYS_EMBED_SWIFT_STANDARD_LIBRARIES = YES;
				BUNDLE_LOADER = "$(TEST_HOST)";
				CODE_SIGN_STYLE = Automatic;
				INFOPLIST_FILE = "itunes-pocTests/Info.plist";
				IPHONEOS_DEPLOYMENT_TARGET = 13.1;
				LD_RUNPATH_SEARCH_PATHS = (
					"$(inherited)",
					"@executable_path/Frameworks",
					"@loader_path/Frameworks",
				);
				PRODUCT_BUNDLE_IDENTIFIER = "com.globant.itunes-pocTests";
				PRODUCT_NAME = "$(TARGET_NAME)";
				SWIFT_VERSION = 5.0;
				TARGETED_DEVICE_FAMILY = "1,2";
				TEST_HOST = "$(BUILT_PRODUCTS_DIR)/itunes-poc.app/itunes-poc";
			};
			name = Debug;
		};
		572CB16E235DAB2D0018E820 /* Release */ = {
			isa = XCBuildConfiguration;
			baseConfigurationReference = ED19EC2936ECE4AB7FE283D0 /* Pods-itunes-pocTests.release.xcconfig */;
			buildSettings = {
				ALWAYS_EMBED_SWIFT_STANDARD_LIBRARIES = YES;
				BUNDLE_LOADER = "$(TEST_HOST)";
				CODE_SIGN_STYLE = Automatic;
				INFOPLIST_FILE = "itunes-pocTests/Info.plist";
				IPHONEOS_DEPLOYMENT_TARGET = 13.1;
				LD_RUNPATH_SEARCH_PATHS = (
					"$(inherited)",
					"@executable_path/Frameworks",
					"@loader_path/Frameworks",
				);
				PRODUCT_BUNDLE_IDENTIFIER = "com.globant.itunes-pocTests";
				PRODUCT_NAME = "$(TARGET_NAME)";
				SWIFT_VERSION = 5.0;
				TARGETED_DEVICE_FAMILY = "1,2";
				TEST_HOST = "$(BUILT_PRODUCTS_DIR)/itunes-poc.app/itunes-poc";
			};
			name = Release;
		};
		572CB170235DAB2D0018E820 /* Debug */ = {
			isa = XCBuildConfiguration;
			baseConfigurationReference = 1745FFD8DCA3E6CFE520D7AE /* Pods-itunes-poc-itunes-pocUITests.debug.xcconfig */;
			buildSettings = {
				ALWAYS_EMBED_SWIFT_STANDARD_LIBRARIES = YES;
				CODE_SIGN_STYLE = Automatic;
				INFOPLIST_FILE = "itunes-pocUITests/Info.plist";
				LD_RUNPATH_SEARCH_PATHS = (
					"$(inherited)",
					"@executable_path/Frameworks",
					"@loader_path/Frameworks",
				);
				PRODUCT_BUNDLE_IDENTIFIER = "com.globant.itunes-pocUITests";
				PRODUCT_NAME = "$(TARGET_NAME)";
				SWIFT_VERSION = 5.0;
				TARGETED_DEVICE_FAMILY = "1,2";
				TEST_TARGET_NAME = "itunes-poc";
			};
			name = Debug;
		};
		572CB171235DAB2D0018E820 /* Release */ = {
			isa = XCBuildConfiguration;
			baseConfigurationReference = C475563B947D566380174B74 /* Pods-itunes-poc-itunes-pocUITests.release.xcconfig */;
			buildSettings = {
				ALWAYS_EMBED_SWIFT_STANDARD_LIBRARIES = YES;
				CODE_SIGN_STYLE = Automatic;
				INFOPLIST_FILE = "itunes-pocUITests/Info.plist";
				LD_RUNPATH_SEARCH_PATHS = (
					"$(inherited)",
					"@executable_path/Frameworks",
					"@loader_path/Frameworks",
				);
				PRODUCT_BUNDLE_IDENTIFIER = "com.globant.itunes-pocUITests";
				PRODUCT_NAME = "$(TARGET_NAME)";
				SWIFT_VERSION = 5.0;
				TARGETED_DEVICE_FAMILY = "1,2";
				TEST_TARGET_NAME = "itunes-poc";
			};
			name = Release;
		};
/* End XCBuildConfiguration section */

/* Begin XCConfigurationList section */
		572CB13A235DAB2B0018E820 /* Build configuration list for PBXProject "itunes-poc" */ = {
			isa = XCConfigurationList;
			buildConfigurations = (
				572CB167235DAB2D0018E820 /* Debug */,
				572CB168235DAB2D0018E820 /* Release */,
			);
			defaultConfigurationIsVisible = 0;
			defaultConfigurationName = Release;
		};
		572CB169235DAB2D0018E820 /* Build configuration list for PBXNativeTarget "itunes-poc" */ = {
			isa = XCConfigurationList;
			buildConfigurations = (
				572CB16A235DAB2D0018E820 /* Debug */,
				572CB16B235DAB2D0018E820 /* Release */,
			);
			defaultConfigurationIsVisible = 0;
			defaultConfigurationName = Release;
		};
		572CB16C235DAB2D0018E820 /* Build configuration list for PBXNativeTarget "itunes-pocTests" */ = {
			isa = XCConfigurationList;
			buildConfigurations = (
				572CB16D235DAB2D0018E820 /* Debug */,
				572CB16E235DAB2D0018E820 /* Release */,
			);
			defaultConfigurationIsVisible = 0;
			defaultConfigurationName = Release;
		};
		572CB16F235DAB2D0018E820 /* Build configuration list for PBXNativeTarget "itunes-pocUITests" */ = {
			isa = XCConfigurationList;
			buildConfigurations = (
				572CB170235DAB2D0018E820 /* Debug */,
				572CB171235DAB2D0018E820 /* Release */,
			);
			defaultConfigurationIsVisible = 0;
			defaultConfigurationName = Release;
		};
/* End XCConfigurationList section */
	};
	rootObject = 572CB137235DAB2B0018E820 /* Project object */;
}
